// !$*UTF8*$!
{
	archiveVersion = 1;
	classes = {
	};
	objectVersion = 50;
	objects = {

/* Begin PBXBuildFile section */
		45496FC22748526600520D60 /* ModuleControllerConfigurator.swift in Sources */ = {isa = PBXBuildFile; fileRef = 45496FBB2748526600520D60 /* ModuleControllerConfigurator.swift */; };
		45496FC32748526700520D60 /* ModuleRouter.swift in Sources */ = {isa = PBXBuildFile; fileRef = 45496FBC2748526600520D60 /* ModuleRouter.swift */; };
		45496FC42748526700520D60 /* SomeWorker.swift in Sources */ = {isa = PBXBuildFile; fileRef = 45496FBD2748526600520D60 /* SomeWorker.swift */; };
		45496FC52748526700520D60 /* ModuleViewController.swift in Sources */ = {isa = PBXBuildFile; fileRef = 45496FBE2748526600520D60 /* ModuleViewController.swift */; };
		45496FC62748526700520D60 /* SomeView.swift in Sources */ = {isa = PBXBuildFile; fileRef = 45496FBF2748526600520D60 /* SomeView.swift */; };
		45496FC72748526700520D60 /* ModuleInteractor.swift in Sources */ = {isa = PBXBuildFile; fileRef = 45496FC02748526600520D60 /* ModuleInteractor.swift */; };
		45496FC82748526700520D60 /* ModulePresenter.swift in Sources */ = {isa = PBXBuildFile; fileRef = 45496FC12748526600520D60 /* ModulePresenter.swift */; };
		45496FCC2748526F00520D60 /* MockService.swift in Sources */ = {isa = PBXBuildFile; fileRef = 45496FCB2748526F00520D60 /* MockService.swift */; };
		457193372743EE1200A733DD /* AppDelegate.swift in Sources */ = {isa = PBXBuildFile; fileRef = 457193362743EE1200A733DD /* AppDelegate.swift */; };
		457193392743EE1200A733DD /* SceneDelegate.swift in Sources */ = {isa = PBXBuildFile; fileRef = 457193382743EE1200A733DD /* SceneDelegate.swift */; };
		4571933B2743EE1200A733DD /* ViewController.swift in Sources */ = {isa = PBXBuildFile; fileRef = 4571933A2743EE1200A733DD /* ViewController.swift */; };
		4571933E2743EE1200A733DD /* Main.storyboard in Resources */ = {isa = PBXBuildFile; fileRef = 4571933C2743EE1200A733DD /* Main.storyboard */; };
		457193402743EE1D00A733DD /* Assets.xcassets in Resources */ = {isa = PBXBuildFile; fileRef = 4571933F2743EE1D00A733DD /* Assets.xcassets */; };
		457193432743EE1D00A733DD /* LaunchScreen.storyboard in Resources */ = {isa = PBXBuildFile; fileRef = 457193412743EE1D00A733DD /* LaunchScreen.storyboard */; };
/* End PBXBuildFile section */

/* Begin PBXFileReference section */
		45496FBB2748526600520D60 /* ModuleControllerConfigurator.swift */ = {isa = PBXFileReference; fileEncoding = 4; lastKnownFileType = sourcecode.swift; path = ModuleControllerConfigurator.swift; sourceTree = "<group>"; };
		45496FBC2748526600520D60 /* ModuleRouter.swift */ = {isa = PBXFileReference; fileEncoding = 4; lastKnownFileType = sourcecode.swift; path = ModuleRouter.swift; sourceTree = "<group>"; };
		45496FBD2748526600520D60 /* SomeWorker.swift */ = {isa = PBXFileReference; fileEncoding = 4; lastKnownFileType = sourcecode.swift; path = SomeWorker.swift; sourceTree = "<group>"; };
		45496FBE2748526600520D60 /* ModuleViewController.swift */ = {isa = PBXFileReference; fileEncoding = 4; lastKnownFileType = sourcecode.swift; path = ModuleViewController.swift; sourceTree = "<group>"; };
		45496FBF2748526600520D60 /* SomeView.swift */ = {isa = PBXFileReference; fileEncoding = 4; lastKnownFileType = sourcecode.swift; path = SomeView.swift; sourceTree = "<group>"; };
		45496FC02748526600520D60 /* ModuleInteractor.swift */ = {isa = PBXFileReference; fileEncoding = 4; lastKnownFileType = sourcecode.swift; path = ModuleInteractor.swift; sourceTree = "<group>"; };
		45496FC12748526600520D60 /* ModulePresenter.swift */ = {isa = PBXFileReference; fileEncoding = 4; lastKnownFileType = sourcecode.swift; path = ModulePresenter.swift; sourceTree = "<group>"; };
		45496FCB2748526F00520D60 /* MockService.swift */ = {isa = PBXFileReference; fileEncoding = 4; lastKnownFileType = sourcecode.swift; path = MockService.swift; sourceTree = "<group>"; };
		457193332743EE1200A733DD /* RetainCycleExample.app */ = {isa = PBXFileReference; explicitFileType = wrapper.application; includeInIndex = 0; path = RetainCycleExample.app; sourceTree = BUILT_PRODUCTS_DIR; };
		457193362743EE1200A733DD /* AppDelegate.swift */ = {isa = PBXFileReference; lastKnownFileType = sourcecode.swift; path = AppDelegate.swift; sourceTree = "<group>"; };
		457193382743EE1200A733DD /* SceneDelegate.swift */ = {isa = PBXFileReference; lastKnownFileType = sourcecode.swift; path = SceneDelegate.swift; sourceTree = "<group>"; };
		4571933A2743EE1200A733DD /* ViewController.swift */ = {isa = PBXFileReference; lastKnownFileType = sourcecode.swift; path = ViewController.swift; sourceTree = "<group>"; };
		4571933D2743EE1200A733DD /* Base */ = {isa = PBXFileReference; lastKnownFileType = file.storyboard; name = Base; path = Base.lproj/Main.storyboard; sourceTree = "<group>"; };
		4571933F2743EE1D00A733DD /* Assets.xcassets */ = {isa = PBXFileReference; lastKnownFileType = folder.assetcatalog; path = Assets.xcassets; sourceTree = "<group>"; };
		457193422743EE1D00A733DD /* Base */ = {isa = PBXFileReference; lastKnownFileType = file.storyboard; name = Base; path = Base.lproj/LaunchScreen.storyboard; sourceTree = "<group>"; };
		457193442743EE1D00A733DD /* Info.plist */ = {isa = PBXFileReference; lastKnownFileType = text.plist.xml; path = Info.plist; sourceTree = "<group>"; };
/* End PBXFileReference section */

/* Begin PBXFrameworksBuildPhase section */
		457193302743EE1200A733DD /* Frameworks */ = {
			isa = PBXFrameworksBuildPhase;
			buildActionMask = 2147483647;
			files = (
			);
			runOnlyForDeploymentPostprocessing = 0;
		};
/* End PBXFrameworksBuildPhase section */

/* Begin PBXGroup section */
		45496FBA2748526600520D60 /* module */ = {
			isa = PBXGroup;
			children = (
				45496FBB2748526600520D60 /* ModuleControllerConfigurator.swift */,
				45496FBC2748526600520D60 /* ModuleRouter.swift */,
				45496FBD2748526600520D60 /* SomeWorker.swift */,
				45496FBE2748526600520D60 /* ModuleViewController.swift */,
				45496FBF2748526600520D60 /* SomeView.swift */,
				45496FC02748526600520D60 /* ModuleInteractor.swift */,
				45496FC12748526600520D60 /* ModulePresenter.swift */,
			);
			path = module;
			sourceTree = "<group>";
		};
		45496FCA2748526F00520D60 /* services */ = {
			isa = PBXGroup;
			children = (
				45496FCB2748526F00520D60 /* MockService.swift */,
			);
			path = services;
			sourceTree = "<group>";
		};
		4571932A2743EE1200A733DD = {
			isa = PBXGroup;
			children = (
				457193352743EE1200A733DD /* RetainCycleExample */,
				457193342743EE1200A733DD /* Products */,
			);
			sourceTree = "<group>";
		};
		457193342743EE1200A733DD /* Products */ = {
			isa = PBXGroup;
			children = (
				457193332743EE1200A733DD /* RetainCycleExample.app */,
			);
			name = Products;
			sourceTree = "<group>";
		};
		457193352743EE1200A733DD /* RetainCycleExample */ = {
			isa = PBXGroup;
			children = (
				45496FCA2748526F00520D60 /* services */,
				45496FBA2748526600520D60 /* module */,
				457193362743EE1200A733DD /* AppDelegate.swift */,
				457193382743EE1200A733DD /* SceneDelegate.swift */,
				4571933A2743EE1200A733DD /* ViewController.swift */,
				4571933C2743EE1200A733DD /* Main.storyboard */,
				4571933F2743EE1D00A733DD /* Assets.xcassets */,
				457193412743EE1D00A733DD /* LaunchScreen.storyboard */,
				457193442743EE1D00A733DD /* Info.plist */,
			);
			path = RetainCycleExample;
			sourceTree = "<group>";
		};
/* End PBXGroup section */

/* Begin PBXNativeTarget section */
		457193322743EE1200A733DD /* RetainCycleExample */ = {
			isa = PBXNativeTarget;
			buildConfigurationList = 457193472743EE1D00A733DD /* Build configuration list for PBXNativeTarget "RetainCycleExample" */;
			buildPhases = (
				4571932F2743EE1200A733DD /* Sources */,
				457193302743EE1200A733DD /* Frameworks */,
				457193312743EE1200A733DD /* Resources */,
			);
			buildRules = (
			);
			dependencies = (
			);
			name = RetainCycleExample;
			productName = RetainCycleExample;
			productReference = 457193332743EE1200A733DD /* RetainCycleExample.app */;
			productType = "com.apple.product-type.application";
		};
/* End PBXNativeTarget section */

/* Begin PBXProject section */
		4571932B2743EE1200A733DD /* Project object */ = {
			isa = PBXProject;
			attributes = {
				LastSwiftUpdateCheck = 1240;
				LastUpgradeCheck = 1240;
				TargetAttributes = {
					457193322743EE1200A733DD = {
						CreatedOnToolsVersion = 12.4;
					};
				};
			};
			buildConfigurationList = 4571932E2743EE1200A733DD /* Build configuration list for PBXProject "RetainCycleExample" */;
			compatibilityVersion = "Xcode 9.3";
			developmentRegion = en;
			hasScannedForEncodings = 0;
			knownRegions = (
				en,
				Base,
			);
			mainGroup = 4571932A2743EE1200A733DD;
			productRefGroup = 457193342743EE1200A733DD /* Products */;
			projectDirPath = "";
			projectRoot = "";
			targets = (
				457193322743EE1200A733DD /* RetainCycleExample */,
			);
		};
/* End PBXProject section */

/* Begin PBXResourcesBuildPhase section */
		457193312743EE1200A733DD /* Resources */ = {
			isa = PBXResourcesBuildPhase;
			buildActionMask = 2147483647;
			files = (
				457193432743EE1D00A733DD /* LaunchScreen.storyboard in Resources */,
				457193402743EE1D00A733DD /* Assets.xcassets in Resources */,
				4571933E2743EE1200A733DD /* Main.storyboard in Resources */,
			);
			runOnlyForDeploymentPostprocessing = 0;
		};
/* End PBXResourcesBuildPhase section */

/* Begin PBXSourcesBuildPhase section */
		4571932F2743EE1200A733DD /* Sources */ = {
			isa = PBXSourcesBuildPhase;
			buildActionMask = 2147483647;
			files = (
				45496FC82748526700520D60 /* ModulePresenter.swift in Sources */,
				45496FC62748526700520D60 /* SomeView.swift in Sources */,
				45496FC32748526700520D60 /* ModuleRouter.swift in Sources */,
				4571933B2743EE1200A733DD /* ViewController.swift in Sources */,
				45496FCC2748526F00520D60 /* MockService.swift in Sources */,
				45496FC72748526700520D60 /* ModuleInteractor.swift in Sources */,
				45496FC52748526700520D60 /* ModuleViewController.swift in Sources */,
				457193372743EE1200A733DD /* AppDelegate.swift in Sources */,
				45496FC42748526700520D60 /* SomeWorker.swift in Sources */,
				45496FC22748526600520D60 /* ModuleControllerConfigurator.swift in Sources */,
				457193392743EE1200A733DD /* SceneDelegate.swift in Sources */,
			);
			runOnlyForDeploymentPostprocessing = 0;
		};
/* End PBXSourcesBuildPhase section */

/* Begin PBXVariantGroup section */
		4571933C2743EE1200A733DD /* Main.storyboard */ = {
			isa = PBXVariantGroup;
			children = (
				4571933D2743EE1200A733DD /* Base */,
			);
			name = Main.storyboard;
			sourceTree = "<group>";
		};
		457193412743EE1D00A733DD /* LaunchScreen.storyboard */ = {
			isa = PBXVariantGroup;
			children = (
				457193422743EE1D00A733DD /* Base */,
			);
			name = LaunchScreen.storyboard;
			sourceTree = "<group>";
		};
/* End PBXVariantGroup section */

/* Begin XCBuildConfiguration section */
		457193452743EE1D00A733DD /* Debug */ = {
			isa = XCBuildConfiguration;
			buildSettings = {
				ALWAYS_SEARCH_USER_PATHS = NO;
				CLANG_ANALYZER_NONNULL = YES;
				CLANG_ANALYZER_NUMBER_OBJECT_CONVERSION = YES_AGGRESSIVE;
				CLANG_CXX_LANGUAGE_STANDARD = "gnu++14";
				CLANG_CXX_LIBRARY = "libc++";
				CLANG_ENABLE_MODULES = YES;
				CLANG_ENABLE_OBJC_ARC = YES;
				CLANG_ENABLE_OBJC_WEAK = YES;
				CLANG_WARN_BLOCK_CAPTURE_AUTORELEASING = YES;
				CLANG_WARN_BOOL_CONVERSION = YES;
				CLANG_WARN_COMMA = YES;
				CLANG_WARN_CONSTANT_CONVERSION = YES;
				CLANG_WARN_DEPRECATED_OBJC_IMPLEMENTATIONS = YES;
				CLANG_WARN_DIRECT_OBJC_ISA_USAGE = YES_ERROR;
				CLANG_WARN_DOCUMENTATION_COMMENTS = YES;
				CLANG_WARN_EMPTY_BODY = YES;
				CLANG_WARN_ENUM_CONVERSION = YES;
				CLANG_WARN_INFINITE_RECURSION = YES;
				CLANG_WARN_INT_CONVERSION = YES;
				CLANG_WARN_NON_LITERAL_NULL_CONVERSION = YES;
				CLANG_WARN_OBJC_IMPLICIT_RETAIN_SELF = YES;
				CLANG_WARN_OBJC_LITERAL_CONVERSION = YES;
				CLANG_WARN_OBJC_ROOT_CLASS = YES_ERROR;
				CLANG_WARN_QUOTED_INCLUDE_IN_FRAMEWORK_HEADER = YES;
				CLANG_WARN_RANGE_LOOP_ANALYSIS = YES;
				CLANG_WARN_STRICT_PROTOTYPES = YES;
				CLANG_WARN_SUSPICIOUS_MOVE = YES;
				CLANG_WARN_UNGUARDED_AVAILABILITY = YES_AGGRESSIVE;
				CLANG_WARN_UNREACHABLE_CODE = YES;
				CLANG_WARN__DUPLICATE_METHOD_MATCH = YES;
				COPY_PHASE_STRIP = NO;
				DEBUG_INFORMATION_FORMAT = dwarf;
				ENABLE_STRICT_OBJC_MSGSEND = YES;
				ENABLE_TESTABILITY = YES;
				GCC_C_LANGUAGE_STANDARD = gnu11;
				GCC_DYNAMIC_NO_PIC = NO;
				GCC_NO_COMMON_BLOCKS = YES;
				GCC_OPTIMIZATION_LEVEL = 0;
				GCC_PREPROCESSOR_DEFINITIONS = (
					"DEBUG=1",
					"$(inherited)",
				);
				GCC_WARN_64_TO_32_BIT_CONVERSION = YES;
				GCC_WARN_ABOUT_RETURN_TYPE = YES_ERROR;
				GCC_WARN_UNDECLARED_SELECTOR = YES;
				GCC_WARN_UNINITIALIZED_AUTOS = YES_AGGRESSIVE;
				GCC_WARN_UNUSED_FUNCTION = YES;
				GCC_WARN_UNUSED_VARIABLE = YES;
				IPHONEOS_DEPLOYMENT_TARGET = 14.4;
				MTL_ENABLE_DEBUG_INFO = INCLUDE_SOURCE;
				MTL_FAST_MATH = YES;
				ONLY_ACTIVE_ARCH = YES;
				SDKROOT = iphoneos;
				SWIFT_ACTIVE_COMPILATION_CONDITIONS = DEBUG;
				SWIFT_OPTIMIZATION_LEVEL = "-Onone";
			};
			name = Debug;
		};
		457193462743EE1D00A733DD /* Release */ = {
			isa = XCBuildConfiguration;
			buildSettings = {
				ALWAYS_SEARCH_USER_PATHS = NO;
				CLANG_ANALYZER_NONNULL = YES;
				CLANG_ANALYZER_NUMBER_OBJECT_CONVERSION = YES_AGGRESSIVE;
				CLANG_CXX_LANGUAGE_STANDARD = "gnu++14";
				CLANG_CXX_LIBRARY = "libc++";
				CLANG_ENABLE_MODULES = YES;
				CLANG_ENABLE_OBJC_ARC = YES;
				CLANG_ENABLE_OBJC_WEAK = YES;
				CLANG_WARN_BLOCK_CAPTURE_AUTORELEASING = YES;
				CLANG_WARN_BOOL_CONVERSION = YES;
				CLANG_WARN_COMMA = YES;
				CLANG_WARN_CONSTANT_CONVERSION = YES;
				CLANG_WARN_DEPRECATED_OBJC_IMPLEMENTATIONS = YES;
				CLANG_WARN_DIRECT_OBJC_ISA_USAGE = YES_ERROR;
				CLANG_WARN_DOCUMENTATION_COMMENTS = YES;
				CLANG_WARN_EMPTY_BODY = YES;
				CLANG_WARN_ENUM_CONVERSION = YES;
				CLANG_WARN_INFINITE_RECURSION = YES;
				CLANG_WARN_INT_CONVERSION = YES;
				CLANG_WARN_NON_LITERAL_NULL_CONVERSION = YES;
				CLANG_WARN_OBJC_IMPLICIT_RETAIN_SELF = YES;
				CLANG_WARN_OBJC_LITERAL_CONVERSION = YES;
				CLANG_WARN_OBJC_ROOT_CLASS = YES_ERROR;
				CLANG_WARN_QUOTED_INCLUDE_IN_FRAMEWORK_HEADER = YES;
				CLANG_WARN_RANGE_LOOP_ANALYSIS = YES;
				CLANG_WARN_STRICT_PROTOTYPES = YES;
				CLANG_WARN_SUSPICIOUS_MOVE = YES;
				CLANG_WARN_UNGUARDED_AVAILABILITY = YES_AGGRESSIVE;
				CLANG_WARN_UNREACHABLE_CODE = YES;
				CLANG_WARN__DUPLICATE_METHOD_MATCH = YES;
				COPY_PHASE_STRIP = NO;
				DEBUG_INFORMATION_FORMAT = "dwarf-with-dsym";
				ENABLE_NS_ASSERTIONS = NO;
				ENABLE_STRICT_OBJC_MSGSEND = YES;
				GCC_C_LANGUAGE_STANDARD = gnu11;
				GCC_NO_COMMON_BLOCKS = YES;
				GCC_WARN_64_TO_32_BIT_CONVERSION = YES;
				GCC_WARN_ABOUT_RETURN_TYPE = YES_ERROR;
				GCC_WARN_UNDECLARED_SELECTOR = YES;
				GCC_WARN_UNINITIALIZED_AUTOS = YES_AGGRESSIVE;
				GCC_WARN_UNUSED_FUNCTION = YES;
				GCC_WARN_UNUSED_VARIABLE = YES;
				IPHONEOS_DEPLOYMENT_TARGET = 14.4;
				MTL_ENABLE_DEBUG_INFO = NO;
				MTL_FAST_MATH = YES;
				SDKROOT = iphoneos;
				SWIFT_COMPILATION_MODE = wholemodule;
				SWIFT_OPTIMIZATION_LEVEL = "-O";
				VALIDATE_PRODUCT = YES;
			};
			name = Release;
		};
		457193482743EE1D00A733DD /* Debug */ = {
			isa = XCBuildConfiguration;
			buildSettings = {
				ASSETCATALOG_COMPILER_APPICON_NAME = AppIcon;
				ASSETCATALOG_COMPILER_GLOBAL_ACCENT_COLOR_NAME = AccentColor;
				CODE_SIGN_STYLE = Automatic;
				INFOPLIST_FILE = RetainCycleExample/Info.plist;
				LD_RUNPATH_SEARCH_PATHS = (
					"$(inherited)",
					"@executable_path/Frameworks",
				);
				PRODUCT_BUNDLE_IDENTIFIER = com.RetainCycleExample;
				PRODUCT_NAME = "$(TARGET_NAME)";
				SWIFT_VERSION = 5.0;
				TARGETED_DEVICE_FAMILY = "1,2";
			};
			name = Debug;
		};
		457193492743EE1D00A733DD /* Release */ = {
			isa = XCBuildConfiguration;
			buildSettings = {
				ASSETCATALOG_COMPILER_APPICON_NAME = AppIcon;
				ASSETCATALOG_COMPILER_GLOBAL_ACCENT_COLOR_NAME = AccentColor;
				CODE_SIGN_STYLE = Automatic;
				INFOPLIST_FILE = RetainCycleExample/Info.plist;
				LD_RUNPATH_SEARCH_PATHS = (
					"$(inherited)",
					"@executable_path/Frameworks",
				);
				PRODUCT_BUNDLE_IDENTIFIER = com.RetainCycleExample;
				PRODUCT_NAME = "$(TARGET_NAME)";
				SWIFT_VERSION = 5.0;
				TARGETED_DEVICE_FAMILY = "1,2";
			};
			name = Release;
		};
/* End XCBuildConfiguration section */

/* Begin XCConfigurationList section */
		4571932E2743EE1200A733DD /* Build configuration list for PBXProject "RetainCycleExample" */ = {
			isa = XCConfigurationList;
			buildConfigurations = (
				457193452743EE1D00A733DD /* Debug */,
				457193462743EE1D00A733DD /* Release */,
			);
			defaultConfigurationIsVisible = 0;
			defaultConfigurationName = Release;
		};
		457193472743EE1D00A733DD /* Build configuration list for PBXNativeTarget "RetainCycleExample" */ = {
			isa = XCConfigurationList;
			buildConfigurations = (
				457193482743EE1D00A733DD /* Debug */,
				457193492743EE1D00A733DD /* Release */,
			);
			defaultConfigurationIsVisible = 0;
			defaultConfigurationName = Release;
		};
/* End XCConfigurationList section */
	};
	rootObject = 4571932B2743EE1200A733DD /* Project object */;
}
